
Microsoft Visual Studio Solution File, Format Version 12.00
# Visual Studio Version 16
VisualStudioVersion = 16.0.34031.81
MinimumVisualStudioVersion = 10.0.40219.1
Project("{2150E333-8FDC-42A3-9474-1A3956D46DE8}") = "Task5", "Task5", "{1B633633-5585-4868-8DDA-6CF9F3FE2518}"
EndProject
Project("{FAE04EC0-301F-11D3-BF4B-00C04F79EFBC}") = "Tyuiu.FaizullinDR.Sprint6.Task5.V11", "Tyuiu.FaizullinDR.Sprint6.Task5.V11\Tyuiu.FaizullinDR.Sprint6.Task5.V11.csproj", "{1F2118CA-B82A-4C96-A2F6-AA7A3F98F216}"
EndProject
Project("{FAE04EC0-301F-11D3-BF4B-00C04F79EFBC}") = "Tyuiu.FaizullinDR.Sprint6.Task5.V11.Lib", "Tyuiu.FaizullinDR.Sprint6.Task5.V11.Lib\Tyuiu.FaizullinDR.Sprint6.Task5.V11.Lib.csproj", "{3AE35F3A-C618-4692-AF47-6C243E80197B}"
EndProject
Project("{FAE04EC0-301F-11D3-BF4B-00C04F79EFBC}") = "Tyuiu.FaizullinDR.Sprint6.Task5.V11.Test", "Tyuiu.FaizullinDR.Sprint6.Task5.V11.Test\Tyuiu.FaizullinDR.Sprint6.Task5.V11.Test.csproj", "{A36836D5-E378-4594-8EBE-509FBFDFAAF2}"
EndProject
Project("{2150E333-8FDC-42A3-9474-1A3956D46DE8}") = "Task6", "Task6", "{011A8865-A729-40A9-BCDA-B459F96FE768}"
EndProject
Project("{FAE04EC0-301F-11D3-BF4B-00C04F79EFBC}") = "Tyuiu.FaizullinDR.Sprint6.Task6.V24", "Tyuiu.FaizullinDR.Sprint6.Task6.V24\Tyuiu.FaizullinDR.Sprint6.Task6.V24.csproj", "{7030750C-E0EE-495E-B4BF-1CF6F5AC350B}"
EndProject
Project("{FAE04EC0-301F-11D3-BF4B-00C04F79EFBC}") = "Tyuiu.FaizullinDR.Sprint6.Task6.V24.Lib", "Tyuiu.FaizullinDR.Sprint6.Task6.V24.Lib\Tyuiu.FaizullinDR.Sprint6.Task6.V24.Lib.csproj", "{68686F75-2BE5-4CEE-9E77-45E959598BF4}"
EndProject
Project("{FAE04EC0-301F-11D3-BF4B-00C04F79EFBC}") = "Tyuiu.FaizullinDR.Sprint6.Task6.V24.Test", "Tyuiu.FaizullinDR.Sprint6.Task6.V24.Test\Tyuiu.FaizullinDR.Sprint6.Task6.V24.Test.csproj", "{3341CD80-6FB9-4A0C-B9BF-EAAAA32F9A65}"
EndProject
Project("{2150E333-8FDC-42A3-9474-1A3956D46DE8}") = "Task7", "Task7", "{5EB93A8A-A962-4D81-8346-C5001FAA5648}"
EndProject
Project("{FAE04EC0-301F-11D3-BF4B-00C04F79EFBC}") = "Tyuiu.FaizullinDR.Sprint6.Task7.V9", "Tyuiu.FaizullinDR.Sprint6.Task7.V9\Tyuiu.FaizullinDR.Sprint6.Task7.V9.csproj", "{CF74231B-7984-4533-B936-C495A7C61E49}"
EndProject
Project("{FAE04EC0-301F-11D3-BF4B-00C04F79EFBC}") = "Tyuiu.FaizullinDR.Sprint6.Task7.V9.Lib", "Tyuiu.FaizullinDR.Sprint6.Task7.V9.Lib\Tyuiu.FaizullinDR.Sprint6.Task7.V9.Lib.csproj", "{467E9C0E-5D64-41F0-A2C8-447A24A7E55D}"
EndProject
Project("{FAE04EC0-301F-11D3-BF4B-00C04F79EFBC}") = "Tyuiu.FaizullinDR.Sprint6.Task7.V9.Test", "Tyuiu.FaizullinDR.Sprint6.Task7.V9.Test\Tyuiu.FaizullinDR.Sprint6.Task7.V9.Test.csproj", "{E3E779A2-BEAE-44A7-AC1B-41EA8777B249}"
EndProject
Global
	GlobalSection(SolutionConfigurationPlatforms) = preSolution
		Debug|Any CPU = Debug|Any CPU
		Release|Any CPU = Release|Any CPU
	EndGlobalSection
	GlobalSection(ProjectConfigurationPlatforms) = postSolution
		{1F2118CA-B82A-4C96-A2F6-AA7A3F98F216}.Debug|Any CPU.ActiveCfg = Debug|Any CPU
		{1F2118CA-B82A-4C96-A2F6-AA7A3F98F216}.Debug|Any CPU.Build.0 = Debug|Any CPU
		{1F2118CA-B82A-4C96-A2F6-AA7A3F98F216}.Release|Any CPU.ActiveCfg = Release|Any CPU
		{1F2118CA-B82A-4C96-A2F6-AA7A3F98F216}.Release|Any CPU.Build.0 = Release|Any CPU
		{3AE35F3A-C618-4692-AF47-6C243E80197B}.Debug|Any CPU.ActiveCfg = Debug|Any CPU
		{3AE35F3A-C618-4692-AF47-6C243E80197B}.Debug|Any CPU.Build.0 = Debug|Any CPU
		{3AE35F3A-C618-4692-AF47-6C243E80197B}.Release|Any CPU.ActiveCfg = Release|Any CPU
		{3AE35F3A-C618-4692-AF47-6C243E80197B}.Release|Any CPU.Build.0 = Release|Any CPU
		{A36836D5-E378-4594-8EBE-509FBFDFAAF2}.Debug|Any CPU.ActiveCfg = Debug|Any CPU
		{A36836D5-E378-4594-8EBE-509FBFDFAAF2}.Debug|Any CPU.Build.0 = Debug|Any CPU
		{A36836D5-E378-4594-8EBE-509FBFDFAAF2}.Release|Any CPU.ActiveCfg = Release|Any CPU
		{A36836D5-E378-4594-8EBE-509FBFDFAAF2}.Release|Any CPU.Build.0 = Release|Any CPU
		{7030750C-E0EE-495E-B4BF-1CF6F5AC350B}.Debug|Any CPU.ActiveCfg = Debug|Any CPU
		{7030750C-E0EE-495E-B4BF-1CF6F5AC350B}.Debug|Any CPU.Build.0 = Debug|Any CPU
		{7030750C-E0EE-495E-B4BF-1CF6F5AC350B}.Release|Any CPU.ActiveCfg = Release|Any CPU
		{7030750C-E0EE-495E-B4BF-1CF6F5AC350B}.Release|Any CPU.Build.0 = Release|Any CPU
		{68686F75-2BE5-4CEE-9E77-45E959598BF4}.Debug|Any CPU.ActiveCfg = Debug|Any CPU
		{68686F75-2BE5-4CEE-9E77-45E959598BF4}.Debug|Any CPU.Build.0 = Debug|Any CPU
		{68686F75-2BE5-4CEE-9E77-45E959598BF4}.Release|Any CPU.ActiveCfg = Release|Any CPU
		{68686F75-2BE5-4CEE-9E77-45E959598BF4}.Release|Any CPU.Build.0 = Release|Any CPU
		{3341CD80-6FB9-4A0C-B9BF-EAAAA32F9A65}.Debug|Any CPU.ActiveCfg = Debug|Any CPU
		{3341CD80-6FB9-4A0C-B9BF-EAAAA32F9A65}.Debug|Any CPU.Build.0 = Debug|Any CPU
		{3341CD80-6FB9-4A0C-B9BF-EAAAA32F9A65}.Release|Any CPU.ActiveCfg = Release|Any CPU
		{3341CD80-6FB9-4A0C-B9BF-EAAAA32F9A65}.Release|Any CPU.Build.0 = Release|Any CPU
		{CF74231B-7984-4533-B936-C495A7C61E49}.Debug|Any CPU.ActiveCfg = Debug|Any CPU
		{CF74231B-7984-4533-B936-C495A7C61E49}.Debug|Any CPU.Build.0 = Debug|Any CPU
		{CF74231B-7984-4533-B936-C495A7C61E49}.Release|Any CPU.ActiveCfg = Release|Any CPU
		{CF74231B-7984-4533-B936-C495A7C61E49}.Release|Any CPU.Build.0 = Release|Any CPU
		{467E9C0E-5D64-41F0-A2C8-447A24A7E55D}.Debug|Any CPU.ActiveCfg = Debug|Any CPU
		{467E9C0E-5D64-41F0-A2C8-447A24A7E55D}.Debug|Any CPU.Build.0 = Debug|Any CPU
		{467E9C0E-5D64-41F0-A2C8-447A24A7E55D}.Release|Any CPU.ActiveCfg = Release|Any CPU
		{467E9C0E-5D64-41F0-A2C8-447A24A7E55D}.Release|Any CPU.Build.0 = Release|Any CPU
		{E3E779A2-BEAE-44A7-AC1B-41EA8777B249}.Debug|Any CPU.ActiveCfg = Debug|Any CPU
		{E3E779A2-BEAE-44A7-AC1B-41EA8777B249}.Debug|Any CPU.Build.0 = Debug|Any CPU
		{E3E779A2-BEAE-44A7-AC1B-41EA8777B249}.Release|Any CPU.ActiveCfg = Release|Any CPU
		{E3E779A2-BEAE-44A7-AC1B-41EA8777B249}.Release|Any CPU.Build.0 = Release|Any CPU
	EndGlobalSection
	GlobalSection(SolutionProperties) = preSolution
		HideSolutionNode = FALSE
	EndGlobalSection
	GlobalSection(NestedProjects) = preSolution
		{1F2118CA-B82A-4C96-A2F6-AA7A3F98F216} = {1B633633-5585-4868-8DDA-6CF9F3FE2518}
		{3AE35F3A-C618-4692-AF47-6C243E80197B} = {1B633633-5585-4868-8DDA-6CF9F3FE2518}
		{A36836D5-E378-4594-8EBE-509FBFDFAAF2} = {1B633633-5585-4868-8DDA-6CF9F3FE2518}
		{7030750C-E0EE-495E-B4BF-1CF6F5AC350B} = {011A8865-A729-40A9-BCDA-B459F96FE768}
		{68686F75-2BE5-4CEE-9E77-45E959598BF4} = {011A8865-A729-40A9-BCDA-B459F96FE768}
		{3341CD80-6FB9-4A0C-B9BF-EAAAA32F9A65} = {011A8865-A729-40A9-BCDA-B459F96FE768}
		{CF74231B-7984-4533-B936-C495A7C61E49} = {5EB93A8A-A962-4D81-8346-C5001FAA5648}
		{467E9C0E-5D64-41F0-A2C8-447A24A7E55D} = {5EB93A8A-A962-4D81-8346-C5001FAA5648}
		{E3E779A2-BEAE-44A7-AC1B-41EA8777B249} = {5EB93A8A-A962-4D81-8346-C5001FAA5648}
	EndGlobalSection
	GlobalSection(ExtensibilityGlobals) = postSolution
		SolutionGuid = {7CEB4650-79CC-40B4-8D84-39A6CB1B64E2}
	EndGlobalSection
EndGlobal
